
Microsoft Visual Studio Solution File, Format Version 12.00
# Visual Studio 15
VisualStudioVersion = 15.0.27703.2035
MinimumVisualStudioVersion = 10.0.40219.1
Project("{9A19103F-16F7-4668-BE54-9A1E7A4F7556}") = "EmployeeManager.Api", "EmployeeManager.Api\EmployeeManager.Api.csproj", "{F8458A6A-CAF3-49E7-99AC-1EC1700D67C5}"
EndProject
Project("{9A19103F-16F7-4668-BE54-9A1E7A4F7556}") = "EmployeeManager.Infrastructure", "EmployeeManager.Infrastructure\EmployeeManager.Infrastructure.csproj", "{7690A9C6-6A5C-4E24-AFED-7AD2706D8CEA}"
EndProject
Project("{9A19103F-16F7-4668-BE54-9A1E7A4F7556}") = "EmployeeManager.Domain", "EmployeeManager.Domain\EmployeeManager.Domain.csproj", "{98F1E20E-43A4-4D8C-AAE3-143415AFF809}"
EndProject
Project("{9A19103F-16F7-4668-BE54-9A1E7A4F7556}") = "EmployeeManager.Commons", "EmployeeManager.Commons\EmployeeManager.Commons.csproj", "{A0A9B86B-A30F-4592-B394-C1FD9551253A}"
EndProject
Project("{2150E333-8FDC-42A3-9474-1A3956D46DE8}") = "Tests", "Tests", "{766873BA-3ED0-4CB8-9B51-BF20C8EDF03D}"
EndProject
Project("{9A19103F-16F7-4668-BE54-9A1E7A4F7556}") = "EmployeeManager.UnitTests", "EmployeeManager.UnitTests\EmployeeManager.UnitTests.csproj", "{A36403D5-FB5C-4317-8F1F-A16873EC7D10}"
EndProject
Project("{FAE04EC0-301F-11D3-BF4B-00C04F79EFBC}") = "EmployeeManager.IntegrationTests", "EmployeeManager.IntegrationTests\EmployeeManager.IntegrationTests.csproj", "{4AADBEAF-AA83-4DCD-A74D-744C4C46AD27}"
EndProject
Global
	GlobalSection(SolutionConfigurationPlatforms) = preSolution
		Debug|Any CPU = Debug|Any CPU
		Release|Any CPU = Release|Any CPU
	EndGlobalSection
	GlobalSection(ProjectConfigurationPlatforms) = postSolution
		{F8458A6A-CAF3-49E7-99AC-1EC1700D67C5}.Debug|Any CPU.ActiveCfg = Debug|Any CPU
		{F8458A6A-CAF3-49E7-99AC-1EC1700D67C5}.Debug|Any CPU.Build.0 = Debug|Any CPU
		{F8458A6A-CAF3-49E7-99AC-1EC1700D67C5}.Release|Any CPU.ActiveCfg = Release|Any CPU
		{F8458A6A-CAF3-49E7-99AC-1EC1700D67C5}.Release|Any CPU.Build.0 = Release|Any CPU
		{7690A9C6-6A5C-4E24-AFED-7AD2706D8CEA}.Debug|Any CPU.ActiveCfg = Debug|Any CPU
		{7690A9C6-6A5C-4E24-AFED-7AD2706D8CEA}.Debug|Any CPU.Build.0 = Debug|Any CPU
		{7690A9C6-6A5C-4E24-AFED-7AD2706D8CEA}.Release|Any CPU.ActiveCfg = Release|Any CPU
		{7690A9C6-6A5C-4E24-AFED-7AD2706D8CEA}.Release|Any CPU.Build.0 = Release|Any CPU
		{98F1E20E-43A4-4D8C-AAE3-143415AFF809}.Debug|Any CPU.ActiveCfg = Debug|Any CPU
		{98F1E20E-43A4-4D8C-AAE3-143415AFF809}.Debug|Any CPU.Build.0 = Debug|Any CPU
		{98F1E20E-43A4-4D8C-AAE3-143415AFF809}.Release|Any CPU.ActiveCfg = Release|Any CPU
		{98F1E20E-43A4-4D8C-AAE3-143415AFF809}.Release|Any CPU.Build.0 = Release|Any CPU
		{A0A9B86B-A30F-4592-B394-C1FD9551253A}.Debug|Any CPU.ActiveCfg = Debug|Any CPU
		{A0A9B86B-A30F-4592-B394-C1FD9551253A}.Debug|Any CPU.Build.0 = Debug|Any CPU
		{A0A9B86B-A30F-4592-B394-C1FD9551253A}.Release|Any CPU.ActiveCfg = Release|Any CPU
		{A0A9B86B-A30F-4592-B394-C1FD9551253A}.Release|Any CPU.Build.0 = Release|Any CPU
		{A36403D5-FB5C-4317-8F1F-A16873EC7D10}.Debug|Any CPU.ActiveCfg = Debug|Any CPU
		{A36403D5-FB5C-4317-8F1F-A16873EC7D10}.Debug|Any CPU.Build.0 = Debug|Any CPU
		{A36403D5-FB5C-4317-8F1F-A16873EC7D10}.Release|Any CPU.ActiveCfg = Release|Any CPU
		{A36403D5-FB5C-4317-8F1F-A16873EC7D10}.Release|Any CPU.Build.0 = Release|Any CPU
		{4AADBEAF-AA83-4DCD-A74D-744C4C46AD27}.Debug|Any CPU.ActiveCfg = Debug|Any CPU
		{4AADBEAF-AA83-4DCD-A74D-744C4C46AD27}.Debug|Any CPU.Build.0 = Debug|Any CPU
		{4AADBEAF-AA83-4DCD-A74D-744C4C46AD27}.Release|Any CPU.ActiveCfg = Release|Any CPU
		{4AADBEAF-AA83-4DCD-A74D-744C4C46AD27}.Release|Any CPU.Build.0 = Release|Any CPU
	EndGlobalSection
	GlobalSection(SolutionProperties) = preSolution
		HideSolutionNode = FALSE
	EndGlobalSection
	GlobalSection(NestedProjects) = preSolution
		{A36403D5-FB5C-4317-8F1F-A16873EC7D10} = {766873BA-3ED0-4CB8-9B51-BF20C8EDF03D}
		{4AADBEAF-AA83-4DCD-A74D-744C4C46AD27} = {766873BA-3ED0-4CB8-9B51-BF20C8EDF03D}
	EndGlobalSection
	GlobalSection(ExtensibilityGlobals) = postSolution
		SolutionGuid = {F0C2EAEC-88B0-4FA5-B3C9-B3C6FAB33C50}
	EndGlobalSection
EndGlobal
